
Microsoft Visual Studio Solution File, Format Version 11.00
# Visual Studio 2010
Project("{FAE04EC0-301F-11D3-BF4B-00C04F79EFBC}") = "WindowsGame1", "WindowsGame1\WindowsGame1\WindowsGame1.csproj", "{B9B9ED94-E4AC-4C23-9288-C22E8FAA2B33}"
EndProject
Project("{96E2B04D-8817-42C6-938A-82C39BA4D311}") = "WindowsGame1Content", "WindowsGame1\WindowsGame1Content\WindowsGame1Content.contentproj", "{77374D12-0F29-49EA-A43A-0F667A2B8982}"
EndProject
Global
	GlobalSection(SolutionConfigurationPlatforms) = preSolution
		Debug|x86 = Debug|x86
		Release|x86 = Release|x86
	EndGlobalSection
	GlobalSection(ProjectConfigurationPlatforms) = postSolution
		{B9B9ED94-E4AC-4C23-9288-C22E8FAA2B33}.Debug|x86.ActiveCfg = Debug|x86
		{B9B9ED94-E4AC-4C23-9288-C22E8FAA2B33}.Debug|x86.Build.0 = Debug|x86
		{B9B9ED94-E4AC-4C23-9288-C22E8FAA2B33}.Release|x86.ActiveCfg = Release|x86
		{B9B9ED94-E4AC-4C23-9288-C22E8FAA2B33}.Release|x86.Build.0 = Release|x86
		{77374D12-0F29-49EA-A43A-0F667A2B8982}.Debug|x86.ActiveCfg = Debug|x86
		{77374D12-0F29-49EA-A43A-0F667A2B8982}.Release|x86.ActiveCfg = Release|x86
	EndGlobalSection
	GlobalSection(SolutionProperties) = preSolution
		HideSolutionNode = FALSE
	EndGlobalSection
EndGlobal
