
Microsoft Visual Studio Solution File, Format Version 11.00
# Visual Studio 2010
Project("{FAE04EC0-301F-11D3-BF4B-00C04F79EFBC}") = "TwoWayScrollingDemo", "TwoWayScrollingDemo\TwoWayScrollingDemo\TwoWayScrollingDemo.csproj", "{FBBD1C44-D8FD-4D21-97A4-BC5138C7D85A}"
EndProject
Project("{FAE04EC0-301F-11D3-BF4B-00C04F79EFBC}") = "TwoWayScrollingDemoContent", "TwoWayScrollingDemo\TwoWayScrollingDemoContent\TwoWayScrollingDemoContent.contentproj", "{76BCB84B-AEDC-4BAB-A222-CD1C3BF9DB4C}"
EndProject
Project("{2150E333-8FDC-42A3-9474-1A3956D46DE8}") = "Solution Items", "Solution Items", "{ACDDBA95-0094-4F4C-AE5D-A28251628EA8}"
	ProjectSection(SolutionItems) = preProject
		Performance1.psess = Performance1.psess
	EndProjectSection
EndProject
Global
	GlobalSection(SolutionConfigurationPlatforms) = preSolution
		Debug|x86 = Debug|x86
		Release|x86 = Release|x86
	EndGlobalSection
	GlobalSection(ProjectConfigurationPlatforms) = postSolution
		{FBBD1C44-D8FD-4D21-97A4-BC5138C7D85A}.Debug|x86.ActiveCfg = Debug|x86
		{FBBD1C44-D8FD-4D21-97A4-BC5138C7D85A}.Debug|x86.Build.0 = Debug|x86
		{FBBD1C44-D8FD-4D21-97A4-BC5138C7D85A}.Release|x86.ActiveCfg = Release|x86
		{FBBD1C44-D8FD-4D21-97A4-BC5138C7D85A}.Release|x86.Build.0 = Release|x86
		{76BCB84B-AEDC-4BAB-A222-CD1C3BF9DB4C}.Debug|x86.ActiveCfg = Debug|x86
		{76BCB84B-AEDC-4BAB-A222-CD1C3BF9DB4C}.Release|x86.ActiveCfg = Release|x86
	EndGlobalSection
	GlobalSection(SolutionProperties) = preSolution
		HideSolutionNode = FALSE
	EndGlobalSection
EndGlobal
