
Microsoft Visual Studio Solution File, Format Version 11.00
# Visual Studio 2010
Project("{FAE04EC0-301F-11D3-BF4B-00C04F79EFBC}") = "WindowsGame1", "WindowsGame1\WindowsGame1\WindowsGame1.csproj", "{D0D43BCD-D4BA-450D-9158-F21A39BCA09B}"
EndProject
Project("{96E2B04D-8817-42C6-938A-82C39BA4D311}") = "WindowsGame1Content", "WindowsGame1\WindowsGame1Content\WindowsGame1Content.contentproj", "{76BBD5E4-B324-4932-9301-663A09E75F86}"
EndProject
Global
	GlobalSection(SolutionConfigurationPlatforms) = preSolution
		Debug|x86 = Debug|x86
		Release|x86 = Release|x86
	EndGlobalSection
	GlobalSection(ProjectConfigurationPlatforms) = postSolution
		{D0D43BCD-D4BA-450D-9158-F21A39BCA09B}.Debug|x86.ActiveCfg = Debug|x86
		{D0D43BCD-D4BA-450D-9158-F21A39BCA09B}.Debug|x86.Build.0 = Debug|x86
		{D0D43BCD-D4BA-450D-9158-F21A39BCA09B}.Release|x86.ActiveCfg = Release|x86
		{D0D43BCD-D4BA-450D-9158-F21A39BCA09B}.Release|x86.Build.0 = Release|x86
		{76BBD5E4-B324-4932-9301-663A09E75F86}.Debug|x86.ActiveCfg = Debug|x86
		{76BBD5E4-B324-4932-9301-663A09E75F86}.Release|x86.ActiveCfg = Release|x86
	EndGlobalSection
	GlobalSection(SolutionProperties) = preSolution
		HideSolutionNode = FALSE
	EndGlobalSection
EndGlobal
