
Microsoft Visual Studio Solution File, Format Version 11.00
# Visual Studio 2010
Project("{FAE04EC0-301F-11D3-BF4B-00C04F79EFBC}") = "SimpleLightingShader", "SimpleLightingShader\SimpleLightingShader\SimpleLightingShader.csproj", "{05694E5C-988F-424D-8C76-689C57D33B45}"
EndProject
Project("{96E2B04D-8817-42C6-938A-82C39BA4D311}") = "SimpleLightingShaderContent", "SimpleLightingShader\SimpleLightingShaderContent\SimpleLightingShaderContent.contentproj", "{C0C63F74-74B2-4297-BFA8-AB3E85AE220B}"
EndProject
Global
	GlobalSection(SolutionConfigurationPlatforms) = preSolution
		Debug|x86 = Debug|x86
		Release|x86 = Release|x86
	EndGlobalSection
	GlobalSection(ProjectConfigurationPlatforms) = postSolution
		{05694E5C-988F-424D-8C76-689C57D33B45}.Debug|x86.ActiveCfg = Debug|x86
		{05694E5C-988F-424D-8C76-689C57D33B45}.Debug|x86.Build.0 = Debug|x86
		{05694E5C-988F-424D-8C76-689C57D33B45}.Release|x86.ActiveCfg = Release|x86
		{05694E5C-988F-424D-8C76-689C57D33B45}.Release|x86.Build.0 = Release|x86
		{C0C63F74-74B2-4297-BFA8-AB3E85AE220B}.Debug|x86.ActiveCfg = Debug|x86
		{C0C63F74-74B2-4297-BFA8-AB3E85AE220B}.Release|x86.ActiveCfg = Release|x86
	EndGlobalSection
	GlobalSection(SolutionProperties) = preSolution
		HideSolutionNode = FALSE
	EndGlobalSection
EndGlobal
